
Microsoft Visual Studio Solution File, Format Version 12.00
# Visual Studio Version 17
VisualStudioVersion = 17.5.002.0
MinimumVisualStudioVersion = 10.0.40219.1
Project("{9A19103F-16F7-4668-BE54-9A1E7A4F7556}") = "visma.test.broker", "visma.test.broker\visma.test.broker.csproj", "{9C532057-318E-45B1-97D3-23E7206CF264}"
EndProject
Project("{9A19103F-16F7-4668-BE54-9A1E7A4F7556}") = "visma.test.subscriber", "visma.test.subscriber\visma.test.subscriber.csproj", "{5DBF4A2A-B7BC-4E88-AA84-4E940D82F833}"
EndProject
Project("{9A19103F-16F7-4668-BE54-9A1E7A4F7556}") = "visma.test.tests", "visma.test.tests\visma.test.tests.csproj", "{0DD9EF58-9CAE-4E80-868E-4777BE31914D}"
EndProject
Global
	GlobalSection(SolutionConfigurationPlatforms) = preSolution
		Debug|Any CPU = Debug|Any CPU
		Release|Any CPU = Release|Any CPU
	EndGlobalSection
	GlobalSection(ProjectConfigurationPlatforms) = postSolution
		{9C532057-318E-45B1-97D3-23E7206CF264}.Debug|Any CPU.ActiveCfg = Debug|Any CPU
		{9C532057-318E-45B1-97D3-23E7206CF264}.Debug|Any CPU.Build.0 = Debug|Any CPU
		{9C532057-318E-45B1-97D3-23E7206CF264}.Release|Any CPU.ActiveCfg = Release|Any CPU
		{9C532057-318E-45B1-97D3-23E7206CF264}.Release|Any CPU.Build.0 = Release|Any CPU
		{5DBF4A2A-B7BC-4E88-AA84-4E940D82F833}.Debug|Any CPU.ActiveCfg = Debug|Any CPU
		{5DBF4A2A-B7BC-4E88-AA84-4E940D82F833}.Debug|Any CPU.Build.0 = Debug|Any CPU
		{5DBF4A2A-B7BC-4E88-AA84-4E940D82F833}.Release|Any CPU.ActiveCfg = Release|Any CPU
		{5DBF4A2A-B7BC-4E88-AA84-4E940D82F833}.Release|Any CPU.Build.0 = Release|Any CPU
		{0DD9EF58-9CAE-4E80-868E-4777BE31914D}.Debug|Any CPU.ActiveCfg = Debug|Any CPU
		{0DD9EF58-9CAE-4E80-868E-4777BE31914D}.Debug|Any CPU.Build.0 = Debug|Any CPU
		{0DD9EF58-9CAE-4E80-868E-4777BE31914D}.Release|Any CPU.ActiveCfg = Release|Any CPU
		{0DD9EF58-9CAE-4E80-868E-4777BE31914D}.Release|Any CPU.Build.0 = Release|Any CPU
	EndGlobalSection
	GlobalSection(SolutionProperties) = preSolution
		HideSolutionNode = FALSE
	EndGlobalSection
	GlobalSection(ExtensibilityGlobals) = postSolution
		SolutionGuid = {056F07ED-87F1-460D-962A-336F113CA7C9}
	EndGlobalSection
EndGlobal
